
Microsoft Visual Studio Solution File, Format Version 12.00
Project("{2150E333-8FDC-42A3-9474-1A3956D46DE8}") = "src", "src", "{8EDBF655-EB5C-4B14-AAAF-4BA2015730EF}"
EndProject
Project("{2150E333-8FDC-42A3-9474-1A3956D46DE8}") = "tests", "tests", "{3FF4FC56-4179-4F5D-BE76-0644BDAF3ABF}"
EndProject
Project("{FAE04EC0-301F-11D3-BF4B-00C04F79EFBC}") = "RocketseatAuction.API", "src\RocketseatAuction.API\RocketseatAuction.API.csproj", "{7A6070DD-EDFE-4AE4-A85D-E7458548CCC3}"
EndProject
Global
	GlobalSection(SolutionConfigurationPlatforms) = preSolution
		Debug|Any CPU = Debug|Any CPU
		Release|Any CPU = Release|Any CPU
	EndGlobalSection
	GlobalSection(NestedProjects) = preSolution
		{7A6070DD-EDFE-4AE4-A85D-E7458548CCC3} = {8EDBF655-EB5C-4B14-AAAF-4BA2015730EF}
	EndGlobalSection
	GlobalSection(ProjectConfigurationPlatforms) = postSolution
		{7A6070DD-EDFE-4AE4-A85D-E7458548CCC3}.Debug|Any CPU.ActiveCfg = Debug|Any CPU
		{7A6070DD-EDFE-4AE4-A85D-E7458548CCC3}.Debug|Any CPU.Build.0 = Debug|Any CPU
		{7A6070DD-EDFE-4AE4-A85D-E7458548CCC3}.Release|Any CPU.ActiveCfg = Release|Any CPU
		{7A6070DD-EDFE-4AE4-A85D-E7458548CCC3}.Release|Any CPU.Build.0 = Release|Any CPU
	EndGlobalSection
EndGlobal
